
Microsoft Visual Studio Solution File, Format Version 12.00
# Visual Studio Version 17
VisualStudioVersion = 17.3.32929.385
MinimumVisualStudioVersion = 10.0.40219.1
Project("{FAE04EC0-301F-11D3-BF4B-00C04F79EFBC}") = "Task1", "HomeWork6\Task1.csproj", "{744AB297-81F7-4989-B94B-C2639944F4E5}"
EndProject
Project("{FAE04EC0-301F-11D3-BF4B-00C04F79EFBC}") = "Task2", "Task2\Task2.csproj", "{B5CA79FE-A516-4600-A84D-B2205C8986E5}"
EndProject
Global
	GlobalSection(SolutionConfigurationPlatforms) = preSolution
		Debug|Any CPU = Debug|Any CPU
		Release|Any CPU = Release|Any CPU
	EndGlobalSection
	GlobalSection(ProjectConfigurationPlatforms) = postSolution
		{744AB297-81F7-4989-B94B-C2639944F4E5}.Debug|Any CPU.ActiveCfg = Debug|Any CPU
		{744AB297-81F7-4989-B94B-C2639944F4E5}.Debug|Any CPU.Build.0 = Debug|Any CPU
		{744AB297-81F7-4989-B94B-C2639944F4E5}.Release|Any CPU.ActiveCfg = Release|Any CPU
		{744AB297-81F7-4989-B94B-C2639944F4E5}.Release|Any CPU.Build.0 = Release|Any CPU
		{B5CA79FE-A516-4600-A84D-B2205C8986E5}.Debug|Any CPU.ActiveCfg = Debug|Any CPU
		{B5CA79FE-A516-4600-A84D-B2205C8986E5}.Debug|Any CPU.Build.0 = Debug|Any CPU
		{B5CA79FE-A516-4600-A84D-B2205C8986E5}.Release|Any CPU.ActiveCfg = Release|Any CPU
		{B5CA79FE-A516-4600-A84D-B2205C8986E5}.Release|Any CPU.Build.0 = Release|Any CPU
	EndGlobalSection
	GlobalSection(SolutionProperties) = preSolution
		HideSolutionNode = FALSE
	EndGlobalSection
	GlobalSection(ExtensibilityGlobals) = postSolution
		SolutionGuid = {A94779A7-BBD0-41FF-AF77-52F1B2FA107E}
	EndGlobalSection
EndGlobal
